{
  "nodes": {
    "backlog-md": {
      "inputs": {
        "bun2nix": "bun2nix",
        "flake-utils": "flake-utils",
        "nixpkgs": [
          "nixpkgs"
        ]
      },
      "locked": {
        "lastModified": 1762114613,
        "narHash": "sha256-BBe9k+r/wtKolilSA8UrcMmqx79TpAGfDgtUY+/ZYQs=",
        "owner": "MrLesk",
        "repo": "Backlog.md",
        "rev": "e99f803bc79daeea61a17945c8050b501f234fc3",
        "type": "github"
      },
      "original": {
        "owner": "MrLesk",
        "repo": "Backlog.md",
        "type": "github"
      }
    },
    "blueprint": {
      "inputs": {
        "nixpkgs": [
          "backlog-md",
          "bun2nix",
          "nixpkgs"
        ],
        "systems": [
          "backlog-md",
          "bun2nix",
          "systems"
        ]
      },
      "locked": {
        "lastModified": 1744632722,
        "narHash": "sha256-0chvqUV1Kzf8BMQ7MsH3CeicJEb2HeCpwliS77FGyfc=",
        "owner": "numtide",
        "repo": "blueprint",
        "rev": "49bbd5d072b577072f4a1d07d4b0621ecce768af",
        "type": "github"
      },
      "original": {
        "owner": "numtide",
        "repo": "blueprint",
        "type": "github"
      }
    },
    "bun2nix": {
      "inputs": {
        "blueprint": "blueprint",
        "nixpkgs": [
          "backlog-md",
          "nixpkgs"
        ],
        "systems": "systems",
        "treefmt-nix": "treefmt-nix"
      },
      "locked": {
        "lastModified": 1750682174,
        "narHash": "sha256-rUpcATQ0LiY8IYRndqTlPUhF4YGJH3lM2aMOs5vBDGM=",
        "owner": "baileyluTCD",
        "repo": "bun2nix",
        "rev": "85d692d68a5345d868d3bb1158b953d2996d70f7",
        "type": "github"
      },
      "original": {
        "owner": "baileyluTCD",
        "repo": "bun2nix",
        "type": "github"
      }
    },
    "flake-utils": {
      "inputs": {
        "systems": "systems_2"
      },
      "locked": {
        "lastModified": 1731533236,
        "narHash": "sha256-l0KFg5HjrsfsO/JpG+r7fRrqm12kzFHyUHqHCVpMMbI=",
        "owner": "numtide",
        "repo": "flake-utils",
        "rev": "11707dc2f618dd54ca8739b309ec4fc024de578b",
        "type": "github"
      },
      "original": {
        "owner": "numtide",
        "repo": "flake-utils",
        "type": "github"
      }
    },
    "home-manager": {
      "inputs": {
        "nixpkgs": [
          "nixpkgs"
        ]
      },
      "locked": {
        "lastModified": 1760500983,
        "narHash": "sha256-zfY4F4CpeUjTGgecIJZ+M7vFpwLc0Gm9epM/iMQd4w8=",
        "owner": "nix-community",
        "repo": "home-manager",
        "rev": "c53e65ec92f38d30e3c14f8d628ab55d462947aa",
        "type": "github"
      },
      "original": {
        "owner": "nix-community",
        "repo": "home-manager",
        "type": "github"
      }
    },
    "nixos-hardware": {
      "locked": {
        "lastModified": 1760106635,
        "narHash": "sha256-2GoxVaKWTHBxRoeUYSjv0AfSOx4qw5CWSFz2b+VolKU=",
        "owner": "nixos",
        "repo": "nixos-hardware",
        "rev": "9ed85f8afebf2b7478f25db0a98d0e782c0ed903",
        "type": "github"
      },
      "original": {
        "owner": "nixos",
        "repo": "nixos-hardware",
        "type": "github"
      }
    },
    "nixpkgs": {
      "locked": {
        "lastModified": 1760284886,
        "narHash": "sha256-TK9Kr0BYBQ/1P5kAsnNQhmWWKgmZXwUQr4ZMjCzWf2c=",
        "owner": "nixos",
        "repo": "nixpkgs",
        "rev": "cf3f5c4def3c7b5f1fc012b3d839575dbe552d43",
        "type": "github"
      },
      "original": {
        "owner": "nixos",
        "ref": "nixos-unstable",
        "repo": "nixpkgs",
        "type": "github"
      }
    },
    "root": {
      "inputs": {
        "backlog-md": "backlog-md",
        "home-manager": "home-manager",
        "nixos-hardware": "nixos-hardware",
        "nixpkgs": "nixpkgs"
      }
    },
    "systems": {
      "locked": {
        "lastModified": 1681028828,
        "narHash": "sha256-Vy1rq5AaRuLzOxct8nz4T6wlgyUR7zLU309k9mBC768=",
        "owner": "nix-systems",
        "repo": "default",
        "rev": "da67096a3b9bf56a91d16901293e51ba5b49a27e",
        "type": "github"
      },
      "original": {
        "owner": "nix-systems",
        "repo": "default",
        "type": "github"
      }
    },
    "systems_2": {
      "locked": {
        "lastModified": 1681028828,
        "narHash": "sha256-Vy1rq5AaRuLzOxct8nz4T6wlgyUR7zLU309k9mBC768=",
        "owner": "nix-systems",
        "repo": "default",
        "rev": "da67096a3b9bf56a91d16901293e51ba5b49a27e",
        "type": "github"
      },
      "original": {
        "owner": "nix-systems",
        "repo": "default",
        "type": "github"
      }
    },
    "treefmt-nix": {
      "inputs": {
        "nixpkgs": [
          "backlog-md",
          "bun2nix",
          "nixpkgs"
        ]
      },
      "locked": {
        "lastModified": 1748243702,
        "narHash": "sha256-9YzfeN8CB6SzNPyPm2XjRRqSixDopTapaRsnTpXUEY8=",
        "owner": "numtide",
        "repo": "treefmt-nix",
        "rev": "1f3f7b784643d488ba4bf315638b2b0a4c5fb007",
        "type": "github"
      },
      "original": {
        "owner": "numtide",
        "repo": "treefmt-nix",
        "type": "github"
      }
    }
  },
  "root": "root",
  "version": 7
}
