{
  "nodes": {
    "home-manager": {
      "inputs": {
        "nixpkgs": [
          "nixpkgs"
        ]
      },
      "locked": {
        "lastModified": 1756837205,
        "narHash": "sha256-D+Ne2PjpPJ1O2SUg7ChXGGd7UBhsZm8lKON1MP8cfUQ=",
        "owner": "nix-community",
        "repo": "home-manager",
        "rev": "a1316b0a77ef3e082a75bc5dc685c249b3c25f2c",
        "type": "github"
      },
      "original": {
        "owner": "nix-community",
        "repo": "home-manager",
        "type": "github"
      }
    },
    "nixos-hardware": {
      "locked": {
        "lastModified": 1756840369,
        "narHash": "sha256-nT+zQfrli8/NUdmJhLPRHTQdC17EDK49hoaK2C9gK2g=",
        "owner": "borja-rojo-ilvento",
        "repo": "nixos-hardware",
        "rev": "07c344cefcfc593007abbb2c85c2c41acbb56b0b",
        "type": "github"
      },
      "original": {
        "owner": "borja-rojo-ilvento",
        "ref": "lenovo-thinkpad-p14s-intel-gen2",
        "repo": "nixos-hardware",
        "type": "github"
      }
    },
    "nixpkgs": {
      "locked": {
        "lastModified": 1756542300,
        "narHash": "sha256-tlOn88coG5fzdyqz6R93SQL5Gpq+m/DsWpekNFhqPQk=",
        "owner": "nixos",
        "repo": "nixpkgs",
        "rev": "d7600c775f877cd87b4f5a831c28aa94137377aa",
        "type": "github"
      },
      "original": {
        "owner": "nixos",
        "ref": "nixos-unstable",
        "repo": "nixpkgs",
        "type": "github"
      }
    },
    "root": {
      "inputs": {
        "home-manager": "home-manager",
        "nixos-hardware": "nixos-hardware",
        "nixpkgs": "nixpkgs"
      }
    }
  },
  "root": "root",
  "version": 7
}
